
Microsoft Visual Studio Solution File, Format Version 12.00
# Visual Studio Version 17
VisualStudioVersion = 17.3.32901.215
MinimumVisualStudioVersion = 10.0.40219.1
Project("{FAE04EC0-301F-11D3-BF4B-00C04F79EFBC}") = "ManyTweaks", "ManyTweaks.csproj", "{83426484-57EB-451A-BC3F-90D7B14E8478}"
EndProject
Global
	GlobalSection(SolutionConfigurationPlatforms) = preSolution
		Debug|Any CPU = Debug|Any CPU
		Debug|ARM64 = Debug|ARM64
		Release|Any CPU = Release|Any CPU
		Release|ARM64 = Release|ARM64
	EndGlobalSection
	GlobalSection(ProjectConfigurationPlatforms) = postSolution
		{83426484-57EB-451A-BC3F-90D7B14E8478}.Debug|Any CPU.ActiveCfg = Debug|ARM64
		{83426484-57EB-451A-BC3F-90D7B14E8478}.Debug|Any CPU.Build.0 = Debug|ARM64
		{83426484-57EB-451A-BC3F-90D7B14E8478}.Debug|ARM64.ActiveCfg = Debug|ARM64
		{83426484-57EB-451A-BC3F-90D7B14E8478}.Debug|ARM64.Build.0 = Debug|ARM64
		{83426484-57EB-451A-BC3F-90D7B14E8478}.Release|Any CPU.ActiveCfg = Release|Any CPU
		{83426484-57EB-451A-BC3F-90D7B14E8478}.Release|Any CPU.Build.0 = Release|Any CPU
		{83426484-57EB-451A-BC3F-90D7B14E8478}.Release|ARM64.ActiveCfg = Release|ARM64
		{83426484-57EB-451A-BC3F-90D7B14E8478}.Release|ARM64.Build.0 = Release|ARM64
	EndGlobalSection
	GlobalSection(SolutionProperties) = preSolution
		HideSolutionNode = FALSE
	EndGlobalSection
	GlobalSection(ExtensibilityGlobals) = postSolution
		SolutionGuid = {B617C494-7919-43A8-9916-9B6B34FCD92C}
	EndGlobalSection
EndGlobal
